// !$*UTF8*$!
{
	archiveVersion = 1;
	classes = {
	};
	objectVersion = 50;
	objects = {

/* Begin PBXBuildFile section */
		C41C1B3722B0097F00E7CF16 /* AppDelegate.swift in Sources */ = {isa = PBXBuildFile; fileRef = C41C1B3622B0097F00E7CF16 /* AppDelegate.swift */; };
		C41C1B3B22B0098000E7CF16 /* Assets.xcassets in Resources */ = {isa = PBXBuildFile; fileRef = C41C1B3A22B0098000E7CF16 /* Assets.xcassets */; };
		C41C1B3E22B0098000E7CF16 /* Main.storyboard in Resources */ = {isa = PBXBuildFile; fileRef = C41C1B3C22B0098000E7CF16 /* Main.storyboard */; };
		C41C1B4722B009A400E7CF16 /* Shell.swift in Sources */ = {isa = PBXBuildFile; fileRef = C41C1B4622B009A400E7CF16 /* Shell.swift */; };
		C41C1B4922B00A9800E7CF16 /* MenuBarImageGenerator.swift in Sources */ = {isa = PBXBuildFile; fileRef = C41C1B4822B00A9800E7CF16 /* MenuBarImageGenerator.swift */; };
		C41C1B4B22B019FF00E7CF16 /* PhpVersion.swift in Sources */ = {isa = PBXBuildFile; fileRef = C41C1B4A22B019FF00E7CF16 /* PhpVersion.swift */; };
		C41C1B4D22B0215A00E7CF16 /* Actions.swift in Sources */ = {isa = PBXBuildFile; fileRef = C41C1B4C22B0215A00E7CF16 /* Actions.swift */; };
		C42295DD2358D02000E263B2 /* Command.swift in Sources */ = {isa = PBXBuildFile; fileRef = C42295DC2358D02000E263B2 /* Command.swift */; };
		C46FA23F246C358E00944F05 /* StringExtension.swift in Sources */ = {isa = PBXBuildFile; fileRef = C46FA23E246C358E00944F05 /* StringExtension.swift */; };
		C473319F2470923A009A0597 /* Localizable.strings in Resources */ = {isa = PBXBuildFile; fileRef = C473319E2470923A009A0597 /* Localizable.strings */; };
		C476FF9822B0DD830098105B /* Alert.swift in Sources */ = {isa = PBXBuildFile; fileRef = C476FF9722B0DD830098105B /* Alert.swift */; };
		C4811D2422D70A4700B5F6B3 /* App.swift in Sources */ = {isa = PBXBuildFile; fileRef = C4811D2322D70A4700B5F6B3 /* App.swift */; };
		C4811D2A22D70F9A00B5F6B3 /* MainMenu.swift in Sources */ = {isa = PBXBuildFile; fileRef = C4811D2922D70F9A00B5F6B3 /* MainMenu.swift */; };
		C4D8016622B1584700C6DA1B /* Startup.swift in Sources */ = {isa = PBXBuildFile; fileRef = C4D8016522B1584700C6DA1B /* Startup.swift */; };
		C4EE188422D3386B00E126E5 /* Constants.swift in Sources */ = {isa = PBXBuildFile; fileRef = C4EE188322D3386B00E126E5 /* Constants.swift */; };
		C4F8C0A422D4F12C002EFE61 /* DateExtension.swift in Sources */ = {isa = PBXBuildFile; fileRef = C4F8C0A322D4F12C002EFE61 /* DateExtension.swift */; };
/* End PBXBuildFile section */

/* Begin PBXFileReference section */
		C41C1B3322B0097F00E7CF16 /* PHP Monitor.app */ = {isa = PBXFileReference; explicitFileType = wrapper.application; includeInIndex = 0; path = "PHP Monitor.app"; sourceTree = BUILT_PRODUCTS_DIR; };
		C41C1B3622B0097F00E7CF16 /* AppDelegate.swift */ = {isa = PBXFileReference; lastKnownFileType = sourcecode.swift; path = AppDelegate.swift; sourceTree = "<group>"; };
		C41C1B3A22B0098000E7CF16 /* Assets.xcassets */ = {isa = PBXFileReference; lastKnownFileType = folder.assetcatalog; path = Assets.xcassets; sourceTree = "<group>"; };
		C41C1B3D22B0098000E7CF16 /* Base */ = {isa = PBXFileReference; lastKnownFileType = file.storyboard; name = Base; path = Base.lproj/Main.storyboard; sourceTree = "<group>"; };
		C41C1B3F22B0098000E7CF16 /* Info.plist */ = {isa = PBXFileReference; lastKnownFileType = text.plist.xml; path = Info.plist; sourceTree = "<group>"; };
		C41C1B4022B0098000E7CF16 /* phpmon.entitlements */ = {isa = PBXFileReference; lastKnownFileType = text.plist.entitlements; path = phpmon.entitlements; sourceTree = "<group>"; };
		C41C1B4622B009A400E7CF16 /* Shell.swift */ = {isa = PBXFileReference; lastKnownFileType = sourcecode.swift; path = Shell.swift; sourceTree = "<group>"; };
		C41C1B4822B00A9800E7CF16 /* MenuBarImageGenerator.swift */ = {isa = PBXFileReference; lastKnownFileType = sourcecode.swift; path = MenuBarImageGenerator.swift; sourceTree = "<group>"; };
		C41C1B4A22B019FF00E7CF16 /* PhpVersion.swift */ = {isa = PBXFileReference; lastKnownFileType = sourcecode.swift; path = PhpVersion.swift; sourceTree = "<group>"; };
		C41C1B4C22B0215A00E7CF16 /* Actions.swift */ = {isa = PBXFileReference; lastKnownFileType = sourcecode.swift; path = Actions.swift; sourceTree = "<group>"; };
		C42295DC2358D02000E263B2 /* Command.swift */ = {isa = PBXFileReference; lastKnownFileType = sourcecode.swift; path = Command.swift; sourceTree = "<group>"; };
		C46FA23E246C358E00944F05 /* StringExtension.swift */ = {isa = PBXFileReference; lastKnownFileType = sourcecode.swift; path = StringExtension.swift; sourceTree = "<group>"; };
		C473319E2470923A009A0597 /* Localizable.strings */ = {isa = PBXFileReference; lastKnownFileType = text.plist.strings; path = Localizable.strings; sourceTree = "<group>"; };
		C476FF9722B0DD830098105B /* Alert.swift */ = {isa = PBXFileReference; lastKnownFileType = sourcecode.swift; path = Alert.swift; sourceTree = "<group>"; };
		C4811D2322D70A4700B5F6B3 /* App.swift */ = {isa = PBXFileReference; lastKnownFileType = sourcecode.swift; path = App.swift; sourceTree = "<group>"; };
		C4811D2922D70F9A00B5F6B3 /* MainMenu.swift */ = {isa = PBXFileReference; lastKnownFileType = sourcecode.swift; path = MainMenu.swift; sourceTree = "<group>"; };
		C4D8016522B1584700C6DA1B /* Startup.swift */ = {isa = PBXFileReference; lastKnownFileType = sourcecode.swift; path = Startup.swift; sourceTree = "<group>"; };
		C4EE188322D3386B00E126E5 /* Constants.swift */ = {isa = PBXFileReference; lastKnownFileType = sourcecode.swift; path = Constants.swift; sourceTree = "<group>"; };
		C4F8C0A322D4F12C002EFE61 /* DateExtension.swift */ = {isa = PBXFileReference; lastKnownFileType = sourcecode.swift; path = DateExtension.swift; sourceTree = "<group>"; };
		C4F8C0A522D4FA41002EFE61 /* README.md */ = {isa = PBXFileReference; fileEncoding = 4; lastKnownFileType = net.daringfireball.markdown; path = README.md; sourceTree = "<group>"; };
/* End PBXFileReference section */

/* Begin PBXFrameworksBuildPhase section */
		C41C1B3022B0097F00E7CF16 /* Frameworks */ = {
			isa = PBXFrameworksBuildPhase;
			buildActionMask = 2147483647;
			files = (
			);
			runOnlyForDeploymentPostprocessing = 0;
		};
/* End PBXFrameworksBuildPhase section */

/* Begin PBXGroup section */
		C41C1B2A22B0097F00E7CF16 = {
			isa = PBXGroup;
			children = (
				C4F8C0A522D4FA41002EFE61 /* README.md */,
				C41C1B3522B0097F00E7CF16 /* phpmon */,
				C41C1B3422B0097F00E7CF16 /* Products */,
			);
			sourceTree = "<group>";
		};
		C41C1B3422B0097F00E7CF16 /* Products */ = {
			isa = PBXGroup;
			children = (
				C41C1B3322B0097F00E7CF16 /* PHP Monitor.app */,
			);
			name = Products;
			sourceTree = "<group>";
		};
		C41C1B3522B0097F00E7CF16 /* phpmon */ = {
			isa = PBXGroup;
			children = (
				C41C1B3622B0097F00E7CF16 /* AppDelegate.swift */,
				C4EE188322D3386B00E126E5 /* Constants.swift */,
				C4811D2622D70CEF00B5F6B3 /* Singletons */,
				C41E181722CB61EB0072CF09 /* Classes */,
				C41E181822CB62200072CF09 /* View Controllers */,
				C4F8C0A222D4F100002EFE61 /* Extensions */,
				C41C1B3F22B0098000E7CF16 /* Info.plist */,
				C41C1B4022B0098000E7CF16 /* phpmon.entitlements */,
				C41C1B3A22B0098000E7CF16 /* Assets.xcassets */,
				C473319E2470923A009A0597 /* Localizable.strings */,
			);
			path = phpmon;
			sourceTree = "<group>";
		};
		C41E181722CB61EB0072CF09 /* Classes */ = {
			isa = PBXGroup;
			children = (
				C4811D2722D70D8E00B5F6B3 /* Commands */,
				C4811D2822D70D9C00B5F6B3 /* Helpers */,
			);
			path = Classes;
			sourceTree = "<group>";
		};
		C41E181822CB62200072CF09 /* View Controllers */ = {
			isa = PBXGroup;
			children = (
				C41C1B3C22B0098000E7CF16 /* Main.storyboard */,
			);
			path = "View Controllers";
			sourceTree = "<group>";
		};
		C4811D2622D70CEF00B5F6B3 /* Singletons */ = {
			isa = PBXGroup;
			children = (
				C41C1B4622B009A400E7CF16 /* Shell.swift */,
				C4811D2322D70A4700B5F6B3 /* App.swift */,
				C4811D2922D70F9A00B5F6B3 /* MainMenu.swift */,
				C42295DC2358D02000E263B2 /* Command.swift */,
			);
			path = Singletons;
			sourceTree = "<group>";
		};
		C4811D2722D70D8E00B5F6B3 /* Commands */ = {
			isa = PBXGroup;
			children = (
				C41C1B4C22B0215A00E7CF16 /* Actions.swift */,
				C4D8016522B1584700C6DA1B /* Startup.swift */,
			);
			path = Commands;
			sourceTree = "<group>";
		};
		C4811D2822D70D9C00B5F6B3 /* Helpers */ = {
			isa = PBXGroup;
			children = (
				C476FF9722B0DD830098105B /* Alert.swift */,
				C41C1B4A22B019FF00E7CF16 /* PhpVersion.swift */,
				C41C1B4822B00A9800E7CF16 /* MenuBarImageGenerator.swift */,
			);
			path = Helpers;
			sourceTree = "<group>";
		};
		C4F8C0A222D4F100002EFE61 /* Extensions */ = {
			isa = PBXGroup;
			children = (
				C4F8C0A322D4F12C002EFE61 /* DateExtension.swift */,
				C46FA23E246C358E00944F05 /* StringExtension.swift */,
			);
			path = Extensions;
			sourceTree = "<group>";
		};
/* End PBXGroup section */

/* Begin PBXNativeTarget section */
		C41C1B3222B0097F00E7CF16 /* PHP Monitor */ = {
			isa = PBXNativeTarget;
			buildConfigurationList = C41C1B4322B0098000E7CF16 /* Build configuration list for PBXNativeTarget "PHP Monitor" */;
			buildPhases = (
				C41C1B2F22B0097F00E7CF16 /* Sources */,
				C41C1B3022B0097F00E7CF16 /* Frameworks */,
				C41C1B3122B0097F00E7CF16 /* Resources */,
			);
			buildRules = (
			);
			dependencies = (
			);
			name = "PHP Monitor";
			productName = phpmon;
			productReference = C41C1B3322B0097F00E7CF16 /* PHP Monitor.app */;
			productType = "com.apple.product-type.application";
		};
/* End PBXNativeTarget section */

/* Begin PBXProject section */
		C41C1B2B22B0097F00E7CF16 /* Project object */ = {
			isa = PBXProject;
			attributes = {
				LastSwiftUpdateCheck = 1020;
				LastUpgradeCheck = 1110;
				ORGANIZATIONNAME = "Nico Verbruggen";
				TargetAttributes = {
					C41C1B3222B0097F00E7CF16 = {
						CreatedOnToolsVersion = 10.2.1;
					};
				};
			};
			buildConfigurationList = C41C1B2E22B0097F00E7CF16 /* Build configuration list for PBXProject "PHP Monitor" */;
			compatibilityVersion = "Xcode 9.3";
			developmentRegion = en;
			hasScannedForEncodings = 0;
			knownRegions = (
				en,
				Base,
			);
			mainGroup = C41C1B2A22B0097F00E7CF16;
			productRefGroup = C41C1B3422B0097F00E7CF16 /* Products */;
			projectDirPath = "";
			projectRoot = "";
			targets = (
				C41C1B3222B0097F00E7CF16 /* PHP Monitor */,
			);
		};
/* End PBXProject section */

/* Begin PBXResourcesBuildPhase section */
		C41C1B3122B0097F00E7CF16 /* Resources */ = {
			isa = PBXResourcesBuildPhase;
			buildActionMask = 2147483647;
			files = (
				C41C1B3B22B0098000E7CF16 /* Assets.xcassets in Resources */,
				C41C1B3E22B0098000E7CF16 /* Main.storyboard in Resources */,
				C473319F2470923A009A0597 /* Localizable.strings in Resources */,
			);
			runOnlyForDeploymentPostprocessing = 0;
		};
/* End PBXResourcesBuildPhase section */

/* Begin PBXSourcesBuildPhase section */
		C41C1B2F22B0097F00E7CF16 /* Sources */ = {
			isa = PBXSourcesBuildPhase;
			buildActionMask = 2147483647;
			files = (
				C4D8016622B1584700C6DA1B /* Startup.swift in Sources */,
				C4F8C0A422D4F12C002EFE61 /* DateExtension.swift in Sources */,
				C41C1B4722B009A400E7CF16 /* Shell.swift in Sources */,
				C41C1B4D22B0215A00E7CF16 /* Actions.swift in Sources */,
				C42295DD2358D02000E263B2 /* Command.swift in Sources */,
				C4811D2422D70A4700B5F6B3 /* App.swift in Sources */,
				C41C1B4922B00A9800E7CF16 /* MenuBarImageGenerator.swift in Sources */,
				C4811D2A22D70F9A00B5F6B3 /* MainMenu.swift in Sources */,
				C41C1B3722B0097F00E7CF16 /* AppDelegate.swift in Sources */,
				C41C1B4B22B019FF00E7CF16 /* PhpVersion.swift in Sources */,
				C476FF9822B0DD830098105B /* Alert.swift in Sources */,
				C46FA23F246C358E00944F05 /* StringExtension.swift in Sources */,
				C4EE188422D3386B00E126E5 /* Constants.swift in Sources */,
			);
			runOnlyForDeploymentPostprocessing = 0;
		};
/* End PBXSourcesBuildPhase section */

/* Begin PBXVariantGroup section */
		C41C1B3C22B0098000E7CF16 /* Main.storyboard */ = {
			isa = PBXVariantGroup;
			children = (
				C41C1B3D22B0098000E7CF16 /* Base */,
			);
			name = Main.storyboard;
			sourceTree = "<group>";
		};
/* End PBXVariantGroup section */

/* Begin XCBuildConfiguration section */
		C41C1B4122B0098000E7CF16 /* Debug */ = {
			isa = XCBuildConfiguration;
			buildSettings = {
				ALWAYS_SEARCH_USER_PATHS = NO;
				CLANG_ANALYZER_NONNULL = YES;
				CLANG_ANALYZER_NUMBER_OBJECT_CONVERSION = YES_AGGRESSIVE;
				CLANG_CXX_LANGUAGE_STANDARD = "gnu++14";
				CLANG_CXX_LIBRARY = "libc++";
				CLANG_ENABLE_MODULES = YES;
				CLANG_ENABLE_OBJC_ARC = YES;
				CLANG_ENABLE_OBJC_WEAK = YES;
				CLANG_WARN_BLOCK_CAPTURE_AUTORELEASING = YES;
				CLANG_WARN_BOOL_CONVERSION = YES;
				CLANG_WARN_COMMA = YES;
				CLANG_WARN_CONSTANT_CONVERSION = YES;
				CLANG_WARN_DEPRECATED_OBJC_IMPLEMENTATIONS = YES;
				CLANG_WARN_DIRECT_OBJC_ISA_USAGE = YES_ERROR;
				CLANG_WARN_DOCUMENTATION_COMMENTS = YES;
				CLANG_WARN_EMPTY_BODY = YES;
				CLANG_WARN_ENUM_CONVERSION = YES;
				CLANG_WARN_INFINITE_RECURSION = YES;
				CLANG_WARN_INT_CONVERSION = YES;
				CLANG_WARN_NON_LITERAL_NULL_CONVERSION = YES;
				CLANG_WARN_OBJC_IMPLICIT_RETAIN_SELF = YES;
				CLANG_WARN_OBJC_LITERAL_CONVERSION = YES;
				CLANG_WARN_OBJC_ROOT_CLASS = YES_ERROR;
				CLANG_WARN_RANGE_LOOP_ANALYSIS = YES;
				CLANG_WARN_STRICT_PROTOTYPES = YES;
				CLANG_WARN_SUSPICIOUS_MOVE = YES;
				CLANG_WARN_UNGUARDED_AVAILABILITY = YES_AGGRESSIVE;
				CLANG_WARN_UNREACHABLE_CODE = YES;
				CLANG_WARN__DUPLICATE_METHOD_MATCH = YES;
				CODE_SIGN_IDENTITY = "Mac Developer";
				COPY_PHASE_STRIP = NO;
				DEBUG_INFORMATION_FORMAT = dwarf;
				ENABLE_STRICT_OBJC_MSGSEND = YES;
				ENABLE_TESTABILITY = YES;
				GCC_C_LANGUAGE_STANDARD = gnu11;
				GCC_DYNAMIC_NO_PIC = NO;
				GCC_NO_COMMON_BLOCKS = YES;
				GCC_OPTIMIZATION_LEVEL = 0;
				GCC_PREPROCESSOR_DEFINITIONS = (
					"DEBUG=1",
					"$(inherited)",
				);
				GCC_WARN_64_TO_32_BIT_CONVERSION = YES;
				GCC_WARN_ABOUT_RETURN_TYPE = YES_ERROR;
				GCC_WARN_UNDECLARED_SELECTOR = YES;
				GCC_WARN_UNINITIALIZED_AUTOS = YES_AGGRESSIVE;
				GCC_WARN_UNUSED_FUNCTION = YES;
				GCC_WARN_UNUSED_VARIABLE = YES;
				MACOSX_DEPLOYMENT_TARGET = 10.14;
				MTL_ENABLE_DEBUG_INFO = INCLUDE_SOURCE;
				MTL_FAST_MATH = YES;
				ONLY_ACTIVE_ARCH = YES;
				SDKROOT = macosx;
				SWIFT_ACTIVE_COMPILATION_CONDITIONS = DEBUG;
				SWIFT_OPTIMIZATION_LEVEL = "-Onone";
			};
			name = Debug;
		};
		C41C1B4222B0098000E7CF16 /* Release */ = {
			isa = XCBuildConfiguration;
			buildSettings = {
				ALWAYS_SEARCH_USER_PATHS = NO;
				CLANG_ANALYZER_NONNULL = YES;
				CLANG_ANALYZER_NUMBER_OBJECT_CONVERSION = YES_AGGRESSIVE;
				CLANG_CXX_LANGUAGE_STANDARD = "gnu++14";
				CLANG_CXX_LIBRARY = "libc++";
				CLANG_ENABLE_MODULES = YES;
				CLANG_ENABLE_OBJC_ARC = YES;
				CLANG_ENABLE_OBJC_WEAK = YES;
				CLANG_WARN_BLOCK_CAPTURE_AUTORELEASING = YES;
				CLANG_WARN_BOOL_CONVERSION = YES;
				CLANG_WARN_COMMA = YES;
				CLANG_WARN_CONSTANT_CONVERSION = YES;
				CLANG_WARN_DEPRECATED_OBJC_IMPLEMENTATIONS = YES;
				CLANG_WARN_DIRECT_OBJC_ISA_USAGE = YES_ERROR;
				CLANG_WARN_DOCUMENTATION_COMMENTS = YES;
				CLANG_WARN_EMPTY_BODY = YES;
				CLANG_WARN_ENUM_CONVERSION = YES;
				CLANG_WARN_INFINITE_RECURSION = YES;
				CLANG_WARN_INT_CONVERSION = YES;
				CLANG_WARN_NON_LITERAL_NULL_CONVERSION = YES;
				CLANG_WARN_OBJC_IMPLICIT_RETAIN_SELF = YES;
				CLANG_WARN_OBJC_LITERAL_CONVERSION = YES;
				CLANG_WARN_OBJC_ROOT_CLASS = YES_ERROR;
				CLANG_WARN_RANGE_LOOP_ANALYSIS = YES;
				CLANG_WARN_STRICT_PROTOTYPES = YES;
				CLANG_WARN_SUSPICIOUS_MOVE = YES;
				CLANG_WARN_UNGUARDED_AVAILABILITY = YES_AGGRESSIVE;
				CLANG_WARN_UNREACHABLE_CODE = YES;
				CLANG_WARN__DUPLICATE_METHOD_MATCH = YES;
				CODE_SIGN_IDENTITY = "Mac Developer";
				COPY_PHASE_STRIP = NO;
				DEBUG_INFORMATION_FORMAT = "dwarf-with-dsym";
				ENABLE_NS_ASSERTIONS = NO;
				ENABLE_STRICT_OBJC_MSGSEND = YES;
				GCC_C_LANGUAGE_STANDARD = gnu11;
				GCC_NO_COMMON_BLOCKS = YES;
				GCC_WARN_64_TO_32_BIT_CONVERSION = YES;
				GCC_WARN_ABOUT_RETURN_TYPE = YES_ERROR;
				GCC_WARN_UNDECLARED_SELECTOR = YES;
				GCC_WARN_UNINITIALIZED_AUTOS = YES_AGGRESSIVE;
				GCC_WARN_UNUSED_FUNCTION = YES;
				GCC_WARN_UNUSED_VARIABLE = YES;
				MACOSX_DEPLOYMENT_TARGET = 10.14;
				MTL_ENABLE_DEBUG_INFO = NO;
				MTL_FAST_MATH = YES;
				SDKROOT = macosx;
				SWIFT_COMPILATION_MODE = wholemodule;
				SWIFT_OPTIMIZATION_LEVEL = "-O";
			};
			name = Release;
		};
		C41C1B4422B0098000E7CF16 /* Debug */ = {
			isa = XCBuildConfiguration;
			buildSettings = {
				ASSETCATALOG_COMPILER_APPICON_NAME = AppIcon;
				CODE_SIGN_ENTITLEMENTS = phpmon/phpmon.entitlements;
				CODE_SIGN_IDENTITY = "-";
				CODE_SIGN_STYLE = Automatic;
				COMBINE_HIDPI_IMAGES = YES;
				CURRENT_PROJECT_VERSION = 20;
				DEVELOPMENT_TEAM = 8M54J5J787;
				INFOPLIST_FILE = phpmon/Info.plist;
				LD_RUNPATH_SEARCH_PATHS = (
					"$(inherited)",
					"@executable_path/../Frameworks",
				);
				MARKETING_VERSION = 1.9;
				PRODUCT_BUNDLE_IDENTIFIER = com.nicoverbruggen.phpmon;
				PRODUCT_NAME = "$(TARGET_NAME)";
				SWIFT_VERSION = 5.0;
			};
			name = Debug;
		};
		C41C1B4522B0098000E7CF16 /* Release */ = {
			isa = XCBuildConfiguration;
			buildSettings = {
				ASSETCATALOG_COMPILER_APPICON_NAME = AppIcon;
				CODE_SIGN_ENTITLEMENTS = phpmon/phpmon.entitlements;
				CODE_SIGN_IDENTITY = "-";
				CODE_SIGN_STYLE = Automatic;
				COMBINE_HIDPI_IMAGES = YES;
				CURRENT_PROJECT_VERSION = 20;
				DEVELOPMENT_TEAM = 8M54J5J787;
				INFOPLIST_FILE = phpmon/Info.plist;
				LD_RUNPATH_SEARCH_PATHS = (
					"$(inherited)",
					"@executable_path/../Frameworks",
				);
				MARKETING_VERSION = 1.9;
				PRODUCT_BUNDLE_IDENTIFIER = com.nicoverbruggen.phpmon;
				PRODUCT_NAME = "$(TARGET_NAME)";
				SWIFT_VERSION = 5.0;
			};
			name = Release;
		};
/* End XCBuildConfiguration section */

/* Begin XCConfigurationList section */
		C41C1B2E22B0097F00E7CF16 /* Build configuration list for PBXProject "PHP Monitor" */ = {
			isa = XCConfigurationList;
			buildConfigurations = (
				C41C1B4122B0098000E7CF16 /* Debug */,
				C41C1B4222B0098000E7CF16 /* Release */,
			);
			defaultConfigurationIsVisible = 0;
			defaultConfigurationName = Release;
		};
		C41C1B4322B0098000E7CF16 /* Build configuration list for PBXNativeTarget "PHP Monitor" */ = {
			isa = XCConfigurationList;
			buildConfigurations = (
				C41C1B4422B0098000E7CF16 /* Debug */,
				C41C1B4522B0098000E7CF16 /* Release */,
			);
			defaultConfigurationIsVisible = 0;
			defaultConfigurationName = Release;
		};
/* End XCConfigurationList section */
	};
	rootObject = C41C1B2B22B0097F00E7CF16 /* Project object */;
}
