// !$*UTF8*$!
{
	archiveVersion = 1;
	classes = {
	};
	objectVersion = 77;
	objects = {

/* Begin PBXBuildFile section */
		0310B17A2EB8F3FF00A8B140 /* CrashReporter in Frameworks */ = {isa = PBXBuildFile; productRef = 0310B1792EB8F3FF00A8B140 /* CrashReporter */; };
		0310B17E2EB8F40400A8B140 /* CrashReporter in Frameworks */ = {isa = PBXBuildFile; productRef = 0310B17D2EB8F40400A8B140 /* CrashReporter */; };
		0317C17E2ED87CAB005479D2 /* NVAppUpdater in Frameworks */ = {isa = PBXBuildFile; productRef = 0317C17D2ED87CAB005479D2 /* NVAppUpdater */; };
		0317C1812ED87CE1005479D2 /* NVAppUpdater in Frameworks */ = {isa = PBXBuildFile; productRef = 0317C1802ED87CE1005479D2 /* NVAppUpdater */; };
		0317C1832ED87CEA005479D2 /* NVAppUpdater in Frameworks */ = {isa = PBXBuildFile; productRef = 0317C1822ED87CEA005479D2 /* NVAppUpdater */; };
		03D8462B2EB6418F006EFE3C /* CrashReporter in Frameworks */ = {isa = PBXBuildFile; productRef = 03D8462A2EB6418F006EFE3C /* CrashReporter */; };
		C47014FF2C46D57C0069AAE7 /* NVAlert in Frameworks */ = {isa = PBXBuildFile; productRef = C47014FE2C46D57C0069AAE7 /* NVAlert */; };
		C47015072C46D8180069AAE7 /* NVAlert in Frameworks */ = {isa = PBXBuildFile; productRef = C47015062C46D8180069AAE7 /* NVAlert */; };
		C470150D2C46D83E0069AAE7 /* NVAlert in Frameworks */ = {isa = PBXBuildFile; productRef = C470150C2C46D83E0069AAE7 /* NVAlert */; };
		C4E91D142C0A7AAA00D69A31 /* PHP Monitor Self-Updater.app in Resources */ = {isa = PBXBuildFile; fileRef = C406A5F0298AD2CE00B5B85A /* PHP Monitor Self-Updater.app */; };
/* End PBXBuildFile section */

/* Begin PBXContainerItemProxy section */
		C471E7C228F9B90F0021E251 /* PBXContainerItemProxy */ = {
			isa = PBXContainerItemProxy;
			containerPortal = C41C1B2B22B0097F00E7CF16 /* Project object */;
			proxyType = 1;
			remoteGlobalIDString = C41C1B3222B0097F00E7CF16;
			remoteInfo = "PHP Monitor";
		};
		C4E91D122C0A7A9B00D69A31 /* PBXContainerItemProxy */ = {
			isa = PBXContainerItemProxy;
			containerPortal = C41C1B2B22B0097F00E7CF16 /* Project object */;
			proxyType = 1;
			remoteGlobalIDString = C406A5EF298AD2CE00B5B85A;
			remoteInfo = "PHP Monitor Self-Updater";
		};
		C4F7807E25D7F84B000DBC97 /* PBXContainerItemProxy */ = {
			isa = PBXContainerItemProxy;
			containerPortal = C41C1B2B22B0097F00E7CF16 /* Project object */;
			proxyType = 1;
			remoteGlobalIDString = C41C1B3222B0097F00E7CF16;
			remoteInfo = "PHP Monitor";
		};
/* End PBXContainerItemProxy section */

/* Begin PBXFileReference section */
		031F24842EA1132300CFB8D9 /* PHP Monitor.xctestplan */ = {isa = PBXFileReference; lastKnownFileType = text; path = "PHP Monitor.xctestplan"; sourceTree = "<group>"; };
		54D9E0C027E4F5E9003B9AD9 /* LICENSE */ = {isa = PBXFileReference; lastKnownFileType = text; path = LICENSE; sourceTree = "<group>"; };
		C406A5F0298AD2CE00B5B85A /* PHP Monitor Self-Updater.app */ = {isa = PBXFileReference; explicitFileType = wrapper.application; includeInIndex = 0; path = "PHP Monitor Self-Updater.app"; sourceTree = BUILT_PRODUCTS_DIR; };
		C4168F4427ADB4A3003B6C39 /* DEVELOPER.md */ = {isa = PBXFileReference; lastKnownFileType = net.daringfireball.markdown; path = DEVELOPER.md; sourceTree = "<group>"; };
		C41C1B3322B0097F00E7CF16 /* PHP Monitor.app */ = {isa = PBXFileReference; explicitFileType = wrapper.application; includeInIndex = 0; path = "PHP Monitor.app"; sourceTree = BUILT_PRODUCTS_DIR; };
		C471E7BC28F9B90F0021E251 /* UI Tests.xctest */ = {isa = PBXFileReference; explicitFileType = wrapper.cfbundle; includeInIndex = 0; path = "UI Tests.xctest"; sourceTree = BUILT_PRODUCTS_DIR; };
		C4E713562570150F00007428 /* SECURITY.md */ = {isa = PBXFileReference; lastKnownFileType = net.daringfireball.markdown; path = SECURITY.md; sourceTree = "<group>"; };
		C4E713572570151400007428 /* docs */ = {isa = PBXFileReference; lastKnownFileType = folder; path = docs; sourceTree = "<group>"; };
		C4F5FBCC28218C93001065C5 /* .swiftlint.yml */ = {isa = PBXFileReference; lastKnownFileType = text.yaml; path = .swiftlint.yml; sourceTree = "<group>"; };
		C4F7807925D7F84B000DBC97 /* Unit Tests.xctest */ = {isa = PBXFileReference; explicitFileType = wrapper.cfbundle; includeInIndex = 0; path = "Unit Tests.xctest"; sourceTree = BUILT_PRODUCTS_DIR; };
		C4F8C0A522D4FA41002EFE61 /* README.md */ = {isa = PBXFileReference; fileEncoding = 4; lastKnownFileType = net.daringfireball.markdown; path = README.md; sourceTree = "<group>"; };
/* End PBXFileReference section */

/* Begin PBXFileSystemSynchronizedBuildFileExceptionSet section */
		F50000000000000000000008 /* Exceptions for "phpmon" folder in "PHP Monitor" target */ = {
			isa = PBXFileSystemSynchronizedBuildFileExceptionSet;
			membershipExceptions = (
				Info.plist,
				Vendor/HotKey/LICENSE,
			);
			target = C41C1B3222B0097F00E7CF16 /* PHP Monitor */;
		};
		F50000000000000000000009 /* Exceptions for "phpmon" folder in "Unit Tests" target */ = {
			isa = PBXFileSystemSynchronizedBuildFileExceptionSet;
			membershipExceptions = (
				AppIcon.icon,
				AppIconEAP.icon,
				Credits.html,
				IAP/InternetAccessPolicy.plist,
				IAP/InternetAccessPolicy.strings,
				Info.plist,
				Vendor/HotKey/LICENSE,
			);
			target = C4F7807825D7F84B000DBC97 /* Unit Tests */;
		};
		F5000000000000000000000B /* Exceptions for "phpmon" folder in "UI Tests" target */ = {
			isa = PBXFileSystemSynchronizedBuildFileExceptionSet;
			membershipExceptions = (
				AppIcon.icon,
				AppIconEAP.icon,
				Credits.html,
				Domain/Preferences/Views/CheckboxPreferenceView.xib,
				Domain/Preferences/Views/HotkeyPreferenceView.xib,
				Domain/Preferences/Views/SelectPreferenceView.xib,
				"Domain/Terminal Alert/ProgressWindow.storyboard",
				IAP/InternetAccessPolicy.plist,
				IAP/InternetAccessPolicy.strings,
				Info.plist,
				Vendor/HotKey/LICENSE,
			);
			target = C471E7BB28F9B90F0021E251 /* UI Tests */;
		};
		F5000000000000000000000D /* Exceptions for "Shared" folder in "UI Tests" target */ = {
			isa = PBXFileSystemSynchronizedBuildFileExceptionSet;
			membershipExceptions = (
				TestBundle.swift,
			);
			target = C471E7BB28F9B90F0021E251 /* UI Tests */;
		};
/* End PBXFileSystemSynchronizedBuildFileExceptionSet section */

/* Begin PBXFileSystemSynchronizedRootGroup section */
		F50000000000000000000001 /* phpmon */ = {
			isa = PBXFileSystemSynchronizedRootGroup;
			exceptions = (
				F50000000000000000000008 /* Exceptions for "phpmon" folder in "PHP Monitor" target */,
				F50000000000000000000009 /* Exceptions for "phpmon" folder in "Unit Tests" target */,
				F5000000000000000000000B /* Exceptions for "phpmon" folder in "UI Tests" target */,
			);
			path = phpmon;
			sourceTree = "<group>";
		};
		F50000000000000000000002 /* phpmon-shared */ = {
			isa = PBXFileSystemSynchronizedRootGroup;
			path = "phpmon-shared";
			sourceTree = "<group>";
		};
		F50000000000000000000003 /* phpmon-updater */ = {
			isa = PBXFileSystemSynchronizedRootGroup;
			path = "phpmon-updater";
			sourceTree = "<group>";
		};
		F50000000000000000000004 /* Shared */ = {
			isa = PBXFileSystemSynchronizedRootGroup;
			exceptions = (
				F5000000000000000000000D /* Exceptions for "Shared" folder in "UI Tests" target */,
			);
			path = Shared;
			sourceTree = "<group>";
		};
		F50000000000000000000005 /* unit */ = {
			isa = PBXFileSystemSynchronizedRootGroup;
			path = unit;
			sourceTree = "<group>";
		};
		F50000000000000000000007 /* ui */ = {
			isa = PBXFileSystemSynchronizedRootGroup;
			path = ui;
			sourceTree = "<group>";
		};
/* End PBXFileSystemSynchronizedRootGroup section */

/* Begin PBXFrameworksBuildPhase section */
		C406A5ED298AD2CE00B5B85A /* Frameworks */ = {
			isa = PBXFrameworksBuildPhase;
			buildActionMask = 2147483647;
			files = (
				0317C1832ED87CEA005479D2 /* NVAppUpdater in Frameworks */,
			);
			runOnlyForDeploymentPostprocessing = 0;
		};
		C41C1B3022B0097F00E7CF16 /* Frameworks */ = {
			isa = PBXFrameworksBuildPhase;
			buildActionMask = 2147483647;
			files = (
				C47014FF2C46D57C0069AAE7 /* NVAlert in Frameworks */,
				0317C17E2ED87CAB005479D2 /* NVAppUpdater in Frameworks */,
				0317C1812ED87CE1005479D2 /* NVAppUpdater in Frameworks */,
				03D8462B2EB6418F006EFE3C /* CrashReporter in Frameworks */,
			);
			runOnlyForDeploymentPostprocessing = 0;
		};
		C471E7B928F9B90F0021E251 /* Frameworks */ = {
			isa = PBXFrameworksBuildPhase;
			buildActionMask = 2147483647;
			files = (
				C470150D2C46D83E0069AAE7 /* NVAlert in Frameworks */,
				0310B17E2EB8F40400A8B140 /* CrashReporter in Frameworks */,
			);
			runOnlyForDeploymentPostprocessing = 0;
		};
		C4F7807625D7F84B000DBC97 /* Frameworks */ = {
			isa = PBXFrameworksBuildPhase;
			buildActionMask = 2147483647;
			files = (
				C47015072C46D8180069AAE7 /* NVAlert in Frameworks */,
				0310B17A2EB8F3FF00A8B140 /* CrashReporter in Frameworks */,
			);
			runOnlyForDeploymentPostprocessing = 0;
		};
/* End PBXFrameworksBuildPhase section */

/* Begin PBXGroup section */
		C41C1B2A22B0097F00E7CF16 = {
			isa = PBXGroup;
			children = (
				C4F8C0A522D4FA41002EFE61 /* README.md */,
				C4E713562570150F00007428 /* SECURITY.md */,
				C4168F4427ADB4A3003B6C39 /* DEVELOPER.md */,
				54D9E0C027E4F5E9003B9AD9 /* LICENSE */,
				C4F5FBCC28218C93001065C5 /* .swiftlint.yml */,
				C4E713572570151400007428 /* docs */,
				F50000000000000000000001 /* phpmon */,
				F50000000000000000000002 /* phpmon-shared */,
				F50000000000000000000003 /* phpmon-updater */,
				C471E79628F9B4260021E251 /* tests */,
				C41C1B3422B0097F00E7CF16 /* Products */,
				C4D309E72770EF2F00958BCF /* Frameworks */,
			);
			sourceTree = "<group>";
		};
		C41C1B3422B0097F00E7CF16 /* Products */ = {
			isa = PBXGroup;
			children = (
				C41C1B3322B0097F00E7CF16 /* PHP Monitor.app */,
				C4F7807925D7F84B000DBC97 /* Unit Tests.xctest */,
				C471E7BC28F9B90F0021E251 /* UI Tests.xctest */,
				C406A5F0298AD2CE00B5B85A /* PHP Monitor Self-Updater.app */,
			);
			name = Products;
			sourceTree = "<group>";
		};
		C471E79628F9B4260021E251 /* tests */ = {
			isa = PBXGroup;
			children = (
				031F24842EA1132300CFB8D9 /* PHP Monitor.xctestplan */,
				F50000000000000000000004 /* Shared */,
				F50000000000000000000005 /* unit */,
				F50000000000000000000007 /* ui */,
			);
			path = tests;
			sourceTree = "<group>";
		};
		C4D309E72770EF2F00958BCF /* Frameworks */ = {
			isa = PBXGroup;
			children = (
			);
			name = Frameworks;
			sourceTree = "<group>";
		};
/* End PBXGroup section */

/* Begin PBXNativeTarget section */
		C406A5EF298AD2CE00B5B85A /* PHP Monitor Self-Updater */ = {
			isa = PBXNativeTarget;
			buildConfigurationList = C406A5FC298AD2CF00B5B85A /* Build configuration list for PBXNativeTarget "PHP Monitor Self-Updater" */;
			buildPhases = (
				C406A5EC298AD2CE00B5B85A /* Sources */,
				C406A5ED298AD2CE00B5B85A /* Frameworks */,
				C406A5EE298AD2CE00B5B85A /* Resources */,
			);
			buildRules = (
			);
			dependencies = (
			);
			fileSystemSynchronizedGroups = (
				F50000000000000000000002 /* phpmon-shared */,
				F50000000000000000000003 /* phpmon-updater */,
			);
			name = "PHP Monitor Self-Updater";
			packageProductDependencies = (
				0317C1822ED87CEA005479D2 /* NVAppUpdater */,
			);
			productName = "PHP Monitor Updater";
			productReference = C406A5F0298AD2CE00B5B85A /* PHP Monitor Self-Updater.app */;
			productType = "com.apple.product-type.application";
		};
		C41C1B3222B0097F00E7CF16 /* PHP Monitor */ = {
			isa = PBXNativeTarget;
			buildConfigurationList = C41C1B4322B0098000E7CF16 /* Build configuration list for PBXNativeTarget "PHP Monitor" */;
			buildPhases = (
				C41C1B2F22B0097F00E7CF16 /* Sources */,
				C41C1B3022B0097F00E7CF16 /* Frameworks */,
				C41C1B3122B0097F00E7CF16 /* Resources */,
				C4F5FBCB28216985001065C5 /* Run `swiftlint` */,
			);
			buildRules = (
			);
			dependencies = (
				C4E91D132C0A7A9B00D69A31 /* PBXTargetDependency */,
			);
			fileSystemSynchronizedGroups = (
				F50000000000000000000001 /* phpmon */,
				F50000000000000000000002 /* phpmon-shared */,
			);
			name = "PHP Monitor";
			packageProductDependencies = (
				C47014FE2C46D57C0069AAE7 /* NVAlert */,
				03D8462A2EB6418F006EFE3C /* CrashReporter */,
				0317C17D2ED87CAB005479D2 /* NVAppUpdater */,
				0317C1802ED87CE1005479D2 /* NVAppUpdater */,
			);
			productName = phpmon;
			productReference = C41C1B3322B0097F00E7CF16 /* PHP Monitor.app */;
			productType = "com.apple.product-type.application";
		};
		C471E7BB28F9B90F0021E251 /* UI Tests */ = {
			isa = PBXNativeTarget;
			buildConfigurationList = C471E7C428F9B90F0021E251 /* Build configuration list for PBXNativeTarget "UI Tests" */;
			buildPhases = (
				C471E7B828F9B90F0021E251 /* Sources */,
				C471E7B928F9B90F0021E251 /* Frameworks */,
				C471E7BA28F9B90F0021E251 /* Resources */,
			);
			buildRules = (
			);
			dependencies = (
				C471E7C328F9B90F0021E251 /* PBXTargetDependency */,
			);
			fileSystemSynchronizedGroups = (
				F50000000000000000000001 /* phpmon */,
				F50000000000000000000002 /* phpmon-shared */,
				F50000000000000000000004 /* Shared */,
				F50000000000000000000007 /* ui */,
			);
			name = "UI Tests";
			packageProductDependencies = (
				C470150C2C46D83E0069AAE7 /* NVAlert */,
				0310B17D2EB8F40400A8B140 /* CrashReporter */,
			);
			productName = "UI Tests";
			productReference = C471E7BC28F9B90F0021E251 /* UI Tests.xctest */;
			productType = "com.apple.product-type.bundle.ui-testing";
		};
		C4F7807825D7F84B000DBC97 /* Unit Tests */ = {
			isa = PBXNativeTarget;
			buildConfigurationList = C4F7808025D7F84B000DBC97 /* Build configuration list for PBXNativeTarget "Unit Tests" */;
			buildPhases = (
				C4F7807525D7F84B000DBC97 /* Sources */,
				C4F7807625D7F84B000DBC97 /* Frameworks */,
				C4F7807725D7F84B000DBC97 /* Resources */,
			);
			buildRules = (
			);
			dependencies = (
				C4F7807F25D7F84B000DBC97 /* PBXTargetDependency */,
			);
			fileSystemSynchronizedGroups = (
				F50000000000000000000001 /* phpmon */,
				F50000000000000000000002 /* phpmon-shared */,
				F50000000000000000000004 /* Shared */,
				F50000000000000000000005 /* unit */,
			);
			name = "Unit Tests";
			packageProductDependencies = (
				C47015062C46D8180069AAE7 /* NVAlert */,
				0310B1792EB8F3FF00A8B140 /* CrashReporter */,
			);
			productName = "phpmon-tests";
			productReference = C4F7807925D7F84B000DBC97 /* Unit Tests.xctest */;
			productType = "com.apple.product-type.bundle.unit-test";
		};
/* End PBXNativeTarget section */

/* Begin PBXProject section */
		C41C1B2B22B0097F00E7CF16 /* Project object */ = {
			isa = PBXProject;
			attributes = {
				BuildIndependentTargetsInParallel = YES;
				LastSwiftUpdateCheck = 1420;
				LastUpgradeCheck = 2660;
				ORGANIZATIONNAME = "Nico Verbruggen";
				TargetAttributes = {
					C406A5EF298AD2CE00B5B85A = {
						CreatedOnToolsVersion = 14.2;
					};
					C41C1B3222B0097F00E7CF16 = {
						CreatedOnToolsVersion = 10.2.1;
					};
					C471E7BB28F9B90F0021E251 = {
						CreatedOnToolsVersion = 14.0.1;
						TestTargetID = C41C1B3222B0097F00E7CF16;
					};
					C4F7807825D7F84B000DBC97 = {
						CreatedOnToolsVersion = 12.4;
					};
				};
			};
			buildConfigurationList = C41C1B2E22B0097F00E7CF16 /* Build configuration list for PBXProject "PHP Monitor" */;
			developmentRegion = en;
			hasScannedForEncodings = 0;
			knownRegions = (
				en,
				vi,
				nl,
				de,
				"pt-PT",
				Base,
				fr,
				"zh-Hans",
				es,
				id,
				it,
				tr,
				ja,
				hi,
				bn,
				ar,
			);
			mainGroup = C41C1B2A22B0097F00E7CF16;
			packageReferences = (
				C47014FD2C46D57C0069AAE7 /* XCRemoteSwiftPackageReference "NVAlert" */,
				03D846292EB6418F006EFE3C /* XCRemoteSwiftPackageReference "plcrashreporter" */,
				0317C17F2ED87CE1005479D2 /* XCRemoteSwiftPackageReference "NVAppUpdater" */,
			);
			preferredProjectObjectVersion = 77;
			productRefGroup = C41C1B3422B0097F00E7CF16 /* Products */;
			projectDirPath = "";
			projectRoot = "";
			targets = (
				C41C1B3222B0097F00E7CF16 /* PHP Monitor */,
				C406A5EF298AD2CE00B5B85A /* PHP Monitor Self-Updater */,
				C4F7807825D7F84B000DBC97 /* Unit Tests */,
				C471E7BB28F9B90F0021E251 /* UI Tests */,
			);
		};
/* End PBXProject section */

/* Begin PBXResourcesBuildPhase section */
		C406A5EE298AD2CE00B5B85A /* Resources */ = {
			isa = PBXResourcesBuildPhase;
			buildActionMask = 2147483647;
			files = (
			);
			runOnlyForDeploymentPostprocessing = 0;
		};
		C41C1B3122B0097F00E7CF16 /* Resources */ = {
			isa = PBXResourcesBuildPhase;
			buildActionMask = 2147483647;
			files = (
				C4E91D142C0A7AAA00D69A31 /* PHP Monitor Self-Updater.app in Resources */,
			);
			runOnlyForDeploymentPostprocessing = 0;
		};
		C471E7BA28F9B90F0021E251 /* Resources */ = {
			isa = PBXResourcesBuildPhase;
			buildActionMask = 2147483647;
			files = (
			);
			runOnlyForDeploymentPostprocessing = 0;
		};
		C4F7807725D7F84B000DBC97 /* Resources */ = {
			isa = PBXResourcesBuildPhase;
			buildActionMask = 2147483647;
			files = (
			);
			runOnlyForDeploymentPostprocessing = 0;
		};
/* End PBXResourcesBuildPhase section */

/* Begin PBXShellScriptBuildPhase section */
		C4F5FBCB28216985001065C5 /* Run `swiftlint` */ = {
			isa = PBXShellScriptBuildPhase;
			alwaysOutOfDate = 1;
			buildActionMask = 2147483647;
			files = (
			);
			inputFileListPaths = (
			);
			inputPaths = (
			);
			name = "Run `swiftlint`";
			outputFileListPaths = (
			);
			outputPaths = (
			);
			runOnlyForDeploymentPostprocessing = 0;
			shellPath = /bin/sh;
			shellScript = "export PATH=\"$PATH:/opt/homebrew/bin\"\n\nif which swiftlint > /dev/null; then\n  swiftlint\nelse\n  echo \"warning: SwiftLint not installed, download from https://github.com/realm/SwiftLint\"\nfi\n";
		};
/* End PBXShellScriptBuildPhase section */

/* Begin PBXSourcesBuildPhase section */
		C406A5EC298AD2CE00B5B85A /* Sources */ = {
			isa = PBXSourcesBuildPhase;
			buildActionMask = 2147483647;
			files = (
			);
			runOnlyForDeploymentPostprocessing = 0;
		};
		C41C1B2F22B0097F00E7CF16 /* Sources */ = {
			isa = PBXSourcesBuildPhase;
			buildActionMask = 2147483647;
			files = (
			);
			runOnlyForDeploymentPostprocessing = 0;
		};
		C471E7B828F9B90F0021E251 /* Sources */ = {
			isa = PBXSourcesBuildPhase;
			buildActionMask = 2147483647;
			files = (
			);
			runOnlyForDeploymentPostprocessing = 0;
		};
		C4F7807525D7F84B000DBC97 /* Sources */ = {
			isa = PBXSourcesBuildPhase;
			buildActionMask = 2147483647;
			files = (
			);
			runOnlyForDeploymentPostprocessing = 0;
		};
/* End PBXSourcesBuildPhase section */

/* Begin PBXTargetDependency section */
		C471E7C328F9B90F0021E251 /* PBXTargetDependency */ = {
			isa = PBXTargetDependency;
			target = C41C1B3222B0097F00E7CF16 /* PHP Monitor */;
			targetProxy = C471E7C228F9B90F0021E251 /* PBXContainerItemProxy */;
		};
		C4E91D132C0A7A9B00D69A31 /* PBXTargetDependency */ = {
			isa = PBXTargetDependency;
			target = C406A5EF298AD2CE00B5B85A /* PHP Monitor Self-Updater */;
			targetProxy = C4E91D122C0A7A9B00D69A31 /* PBXContainerItemProxy */;
		};
		C4F7807F25D7F84B000DBC97 /* PBXTargetDependency */ = {
			isa = PBXTargetDependency;
			target = C41C1B3222B0097F00E7CF16 /* PHP Monitor */;
			targetProxy = C4F7807E25D7F84B000DBC97 /* PBXContainerItemProxy */;
		};
/* End PBXTargetDependency section */

/* Begin XCBuildConfiguration section */
		C406A5FD298AD2CF00B5B85A /* Debug */ = {
			isa = XCBuildConfiguration;
			buildSettings = {
				ASSETCATALOG_COMPILER_APPICON_NAME = AppIconUD;
				ASSETCATALOG_COMPILER_GLOBAL_ACCENT_COLOR_NAME = AccentColor;
				ASSETCATALOG_COMPILER_INCLUDE_ALL_APPICON_ASSETS = NO;
				CLANG_CXX_LANGUAGE_STANDARD = "gnu++20";
				CODE_SIGN_ENTITLEMENTS = "phpmon-updater/phpmon-updater.entitlements";
				CODE_SIGN_IDENTITY = "-";
				"CODE_SIGN_IDENTITY[sdk=macosx*]" = "Apple Development";
				CODE_SIGN_STYLE = Automatic;
				COMBINE_HIDPI_IMAGES = YES;
				CURRENT_PROJECT_VERSION = 55;
				DEAD_CODE_STRIPPING = YES;
				ENABLE_HARDENED_RUNTIME = YES;
				GENERATE_INFOPLIST_FILE = YES;
				INFOPLIST_KEY_CFBundleDisplayName = "PHP Monitor Self-Updater";
				INFOPLIST_KEY_LSApplicationCategoryType = "public.app-category.developer-tools";
				INFOPLIST_KEY_NSHumanReadableCopyright = "Copyright © 2023-2025 Nico Verbruggen. All rights reserved.";
				INFOPLIST_KEY_NSPrincipalClass = NSApplication;
				LD_RUNPATH_SEARCH_PATHS = (
					"$(inherited)",
					"@executable_path/../Frameworks",
				);
				MACOSX_DEPLOYMENT_TARGET = 13.5;
				MARKETING_VERSION = 2.1;
				PRODUCT_BUNDLE_IDENTIFIER = "com.nicoverbruggen.phpmon-updater";
				PRODUCT_NAME = "$(TARGET_NAME)";
				SKIP_INSTALL = YES;
				SWIFT_EMIT_LOC_STRINGS = YES;
				SWIFT_VERSION = 6.0;
			};
			name = Debug;
		};
		C406A5FF298AD2CF00B5B85A /* Release */ = {
			isa = XCBuildConfiguration;
			buildSettings = {
				ASSETCATALOG_COMPILER_APPICON_NAME = AppIconUD;
				ASSETCATALOG_COMPILER_GLOBAL_ACCENT_COLOR_NAME = AccentColor;
				ASSETCATALOG_COMPILER_INCLUDE_ALL_APPICON_ASSETS = NO;
				CLANG_CXX_LANGUAGE_STANDARD = "gnu++20";
				CODE_SIGN_ENTITLEMENTS = "phpmon-updater/phpmon-updater.entitlements";
				CODE_SIGN_IDENTITY = "-";
				"CODE_SIGN_IDENTITY[sdk=macosx*]" = "Apple Development";
				CODE_SIGN_STYLE = Automatic;
				COMBINE_HIDPI_IMAGES = YES;
				CURRENT_PROJECT_VERSION = 55;
				DEAD_CODE_STRIPPING = YES;
				ENABLE_HARDENED_RUNTIME = YES;
				GENERATE_INFOPLIST_FILE = YES;
				INFOPLIST_KEY_CFBundleDisplayName = "PHP Monitor Self-Updater";
				INFOPLIST_KEY_LSApplicationCategoryType = "public.app-category.developer-tools";
				INFOPLIST_KEY_NSHumanReadableCopyright = "Copyright © 2023-2025 Nico Verbruggen. All rights reserved.";
				INFOPLIST_KEY_NSPrincipalClass = NSApplication;
				LD_RUNPATH_SEARCH_PATHS = (
					"$(inherited)",
					"@executable_path/../Frameworks",
				);
				MACOSX_DEPLOYMENT_TARGET = 13.5;
				MARKETING_VERSION = 2.1;
				PRODUCT_BUNDLE_IDENTIFIER = "com.nicoverbruggen.phpmon-updater";
				PRODUCT_NAME = "$(TARGET_NAME)";
				SKIP_INSTALL = YES;
				SWIFT_EMIT_LOC_STRINGS = YES;
				SWIFT_VERSION = 6.0;
			};
			name = Release;
		};
		C41C1B4122B0098000E7CF16 /* Debug */ = {
			isa = XCBuildConfiguration;
			buildSettings = {
				SWIFT_STRICT_CONCURRENCY = complete;
				SWIFT_DEFAULT_ACTOR_ISOLATION = MainActor;
				SWIFT_APPROACHABLE_CONCURRENCY = YES;
				ALWAYS_SEARCH_USER_PATHS = NO;
				ASSETCATALOG_COMPILER_GENERATE_SWIFT_ASSET_SYMBOL_EXTENSIONS = YES;
				CLANG_ANALYZER_LOCALIZABILITY_NONLOCALIZED = YES;
				CLANG_ANALYZER_NONNULL = YES;
				CLANG_ANALYZER_NUMBER_OBJECT_CONVERSION = YES_AGGRESSIVE;
				CLANG_CXX_LANGUAGE_STANDARD = "gnu++14";
				CLANG_CXX_LIBRARY = "libc++";
				CLANG_ENABLE_MODULES = YES;
				CLANG_ENABLE_OBJC_ARC = YES;
				CLANG_ENABLE_OBJC_WEAK = YES;
				CLANG_WARN_BLOCK_CAPTURE_AUTORELEASING = YES;
				CLANG_WARN_BOOL_CONVERSION = YES;
				CLANG_WARN_COMMA = YES;
				CLANG_WARN_CONSTANT_CONVERSION = YES;
				CLANG_WARN_DEPRECATED_OBJC_IMPLEMENTATIONS = YES;
				CLANG_WARN_DIRECT_OBJC_ISA_USAGE = YES_ERROR;
				CLANG_WARN_DOCUMENTATION_COMMENTS = YES;
				CLANG_WARN_EMPTY_BODY = YES;
				CLANG_WARN_ENUM_CONVERSION = YES;
				CLANG_WARN_INFINITE_RECURSION = YES;
				CLANG_WARN_INT_CONVERSION = YES;
				CLANG_WARN_NON_LITERAL_NULL_CONVERSION = YES;
				CLANG_WARN_OBJC_IMPLICIT_RETAIN_SELF = YES;
				CLANG_WARN_OBJC_LITERAL_CONVERSION = YES;
				CLANG_WARN_OBJC_ROOT_CLASS = YES_ERROR;
				CLANG_WARN_QUOTED_INCLUDE_IN_FRAMEWORK_HEADER = YES;
				CLANG_WARN_RANGE_LOOP_ANALYSIS = YES;
				CLANG_WARN_STRICT_PROTOTYPES = YES;
				CLANG_WARN_SUSPICIOUS_MOVE = YES;
				CLANG_WARN_UNGUARDED_AVAILABILITY = YES_AGGRESSIVE;
				CLANG_WARN_UNREACHABLE_CODE = YES;
				CLANG_WARN__DUPLICATE_METHOD_MATCH = YES;
				CODE_SIGN_IDENTITY = "Mac Developer";
				COPY_PHASE_STRIP = NO;
				DEAD_CODE_STRIPPING = YES;
				DEBUG_INFORMATION_FORMAT = dwarf;
				DEVELOPMENT_TEAM = 8M54J5J787;
				ENABLE_STRICT_OBJC_MSGSEND = YES;
				ENABLE_TESTABILITY = YES;
				GCC_C_LANGUAGE_STANDARD = gnu11;
				GCC_DYNAMIC_NO_PIC = NO;
				GCC_NO_COMMON_BLOCKS = YES;
				GCC_OPTIMIZATION_LEVEL = 0;
				GCC_PREPROCESSOR_DEFINITIONS = (
					"DEBUG=1",
					"$(inherited)",
				);
				GCC_WARN_64_TO_32_BIT_CONVERSION = YES;
				GCC_WARN_ABOUT_RETURN_TYPE = YES_ERROR;
				GCC_WARN_UNDECLARED_SELECTOR = YES;
				GCC_WARN_UNINITIALIZED_AUTOS = YES_AGGRESSIVE;
				GCC_WARN_UNUSED_FUNCTION = YES;
				GCC_WARN_UNUSED_VARIABLE = YES;
				MACOSX_DEPLOYMENT_TARGET = 13.5;
				MTL_ENABLE_DEBUG_INFO = INCLUDE_SOURCE;
				MTL_FAST_MATH = YES;
				ONLY_ACTIVE_ARCH = YES;
				SDKROOT = macosx;
				SWIFT_ACTIVE_COMPILATION_CONDITIONS = DEBUG;
				SWIFT_OPTIMIZATION_LEVEL = "-Onone";
			};
			name = Debug;
		};
		C41C1B4222B0098000E7CF16 /* Release */ = {
			isa = XCBuildConfiguration;
			buildSettings = {
				SWIFT_STRICT_CONCURRENCY = complete;
				SWIFT_DEFAULT_ACTOR_ISOLATION = MainActor;
				SWIFT_APPROACHABLE_CONCURRENCY = YES;
				ALWAYS_SEARCH_USER_PATHS = NO;
				ASSETCATALOG_COMPILER_GENERATE_SWIFT_ASSET_SYMBOL_EXTENSIONS = YES;
				CLANG_ANALYZER_LOCALIZABILITY_NONLOCALIZED = YES;
				CLANG_ANALYZER_NONNULL = YES;
				CLANG_ANALYZER_NUMBER_OBJECT_CONVERSION = YES_AGGRESSIVE;
				CLANG_CXX_LANGUAGE_STANDARD = "gnu++14";
				CLANG_CXX_LIBRARY = "libc++";
				CLANG_ENABLE_MODULES = YES;
				CLANG_ENABLE_OBJC_ARC = YES;
				CLANG_ENABLE_OBJC_WEAK = YES;
				CLANG_WARN_BLOCK_CAPTURE_AUTORELEASING = YES;
				CLANG_WARN_BOOL_CONVERSION = YES;
				CLANG_WARN_COMMA = YES;
				CLANG_WARN_CONSTANT_CONVERSION = YES;
				CLANG_WARN_DEPRECATED_OBJC_IMPLEMENTATIONS = YES;
				CLANG_WARN_DIRECT_OBJC_ISA_USAGE = YES_ERROR;
				CLANG_WARN_DOCUMENTATION_COMMENTS = YES;
				CLANG_WARN_EMPTY_BODY = YES;
				CLANG_WARN_ENUM_CONVERSION = YES;
				CLANG_WARN_INFINITE_RECURSION = YES;
				CLANG_WARN_INT_CONVERSION = YES;
				CLANG_WARN_NON_LITERAL_NULL_CONVERSION = YES;
				CLANG_WARN_OBJC_IMPLICIT_RETAIN_SELF = YES;
				CLANG_WARN_OBJC_LITERAL_CONVERSION = YES;
				CLANG_WARN_OBJC_ROOT_CLASS = YES_ERROR;
				CLANG_WARN_QUOTED_INCLUDE_IN_FRAMEWORK_HEADER = YES;
				CLANG_WARN_RANGE_LOOP_ANALYSIS = YES;
				CLANG_WARN_STRICT_PROTOTYPES = YES;
				CLANG_WARN_SUSPICIOUS_MOVE = YES;
				CLANG_WARN_UNGUARDED_AVAILABILITY = YES_AGGRESSIVE;
				CLANG_WARN_UNREACHABLE_CODE = YES;
				CLANG_WARN__DUPLICATE_METHOD_MATCH = YES;
				CODE_SIGN_IDENTITY = "Mac Developer";
				COPY_PHASE_STRIP = NO;
				DEAD_CODE_STRIPPING = YES;
				DEBUG_INFORMATION_FORMAT = "dwarf-with-dsym";
				DEVELOPMENT_TEAM = 8M54J5J787;
				ENABLE_NS_ASSERTIONS = NO;
				ENABLE_STRICT_OBJC_MSGSEND = YES;
				GCC_C_LANGUAGE_STANDARD = gnu11;
				GCC_NO_COMMON_BLOCKS = YES;
				GCC_WARN_64_TO_32_BIT_CONVERSION = YES;
				GCC_WARN_ABOUT_RETURN_TYPE = YES_ERROR;
				GCC_WARN_UNDECLARED_SELECTOR = YES;
				GCC_WARN_UNINITIALIZED_AUTOS = YES_AGGRESSIVE;
				GCC_WARN_UNUSED_FUNCTION = YES;
				GCC_WARN_UNUSED_VARIABLE = YES;
				MACOSX_DEPLOYMENT_TARGET = 13.5;
				MTL_ENABLE_DEBUG_INFO = NO;
				MTL_FAST_MATH = YES;
				SDKROOT = macosx;
				SWIFT_COMPILATION_MODE = wholemodule;
				SWIFT_OPTIMIZATION_LEVEL = "-O";
			};
			name = Release;
		};
		C41C1B4422B0098000E7CF16 /* Debug */ = {
			isa = XCBuildConfiguration;
			buildSettings = {
				ASSETCATALOG_COMPILER_APPICON_NAME = AppIcon;
				ASSETCATALOG_COMPILER_GLOBAL_ACCENT_COLOR_NAME = AppColor;
				AUTOMATION_APPLE_EVENTS = NO;
				CODE_SIGN_ENTITLEMENTS = phpmon/phpmon.entitlements;
				CODE_SIGN_IDENTITY = "Apple Development";
				CODE_SIGN_STYLE = Automatic;
				COMBINE_HIDPI_IMAGES = YES;
				CURRENT_PROJECT_VERSION = 2020;
				DEAD_CODE_STRIPPING = YES;
				DEBUG = YES;
				ENABLE_APP_SANDBOX = NO;
				ENABLE_HARDENED_RUNTIME = YES;
				ENABLE_RESOURCE_ACCESS_AUDIO_INPUT = NO;
				ENABLE_RESOURCE_ACCESS_CALENDARS = NO;
				ENABLE_RESOURCE_ACCESS_CAMERA = NO;
				ENABLE_RESOURCE_ACCESS_CONTACTS = NO;
				ENABLE_RESOURCE_ACCESS_LOCATION = NO;
				ENABLE_RESOURCE_ACCESS_PHOTO_LIBRARY = NO;
				INFOPLIST_FILE = phpmon/Info.plist;
				INFOPLIST_KEY_CFBundleDisplayName = "PHP Monitor";
				INFOPLIST_KEY_LSApplicationCategoryType = "public.app-category.developer-tools";
				LD_RUNPATH_SEARCH_PATHS = (
					"$(inherited)",
					"@executable_path/../Frameworks",
				);
				MACOSX_DEPLOYMENT_TARGET = 13.5;
				MARKETING_VERSION = 26.05.4;
				PRODUCT_BUNDLE_IDENTIFIER = com.nicoverbruggen.phpmon;
				PRODUCT_MODULE_NAME = PHP_Monitor;
				PRODUCT_NAME = "$(TARGET_NAME)";
				PROVISIONING_PROFILE_SPECIFIER = "";
				RUNTIME_EXCEPTION_ALLOW_DYLD_ENVIRONMENT_VARIABLES = NO;
				RUNTIME_EXCEPTION_ALLOW_JIT = NO;
				RUNTIME_EXCEPTION_ALLOW_UNSIGNED_EXECUTABLE_MEMORY = NO;
				RUNTIME_EXCEPTION_DEBUGGING_TOOL = NO;
				RUNTIME_EXCEPTION_DISABLE_EXECUTABLE_PAGE_PROTECTION = NO;
				RUNTIME_EXCEPTION_DISABLE_LIBRARY_VALIDATION = NO;
				SWIFT_VERSION = 6.0;
			};
			name = Debug;
		};
		C41C1B4522B0098000E7CF16 /* Release */ = {
			isa = XCBuildConfiguration;
			buildSettings = {
				ASSETCATALOG_COMPILER_APPICON_NAME = AppIcon;
				ASSETCATALOG_COMPILER_GLOBAL_ACCENT_COLOR_NAME = AppColor;
				AUTOMATION_APPLE_EVENTS = NO;
				CODE_SIGN_ENTITLEMENTS = phpmon/phpmon.entitlements;
				CODE_SIGN_IDENTITY = "Apple Development";
				CODE_SIGN_STYLE = Automatic;
				COMBINE_HIDPI_IMAGES = YES;
				CURRENT_PROJECT_VERSION = 2020;
				DEAD_CODE_STRIPPING = YES;
				DEBUG = NO;
				ENABLE_APP_SANDBOX = NO;
				ENABLE_HARDENED_RUNTIME = YES;
				ENABLE_RESOURCE_ACCESS_AUDIO_INPUT = NO;
				ENABLE_RESOURCE_ACCESS_CALENDARS = NO;
				ENABLE_RESOURCE_ACCESS_CAMERA = NO;
				ENABLE_RESOURCE_ACCESS_CONTACTS = NO;
				ENABLE_RESOURCE_ACCESS_LOCATION = NO;
				ENABLE_RESOURCE_ACCESS_PHOTO_LIBRARY = NO;
				INFOPLIST_FILE = phpmon/Info.plist;
				INFOPLIST_KEY_CFBundleDisplayName = "PHP Monitor";
				INFOPLIST_KEY_LSApplicationCategoryType = "public.app-category.developer-tools";
				LD_RUNPATH_SEARCH_PATHS = (
					"$(inherited)",
					"@executable_path/../Frameworks",
				);
				MACOSX_DEPLOYMENT_TARGET = 13.5;
				MARKETING_VERSION = 26.05.4;
				PRODUCT_BUNDLE_IDENTIFIER = com.nicoverbruggen.phpmon;
				PRODUCT_MODULE_NAME = PHP_Monitor;
				PRODUCT_NAME = "$(TARGET_NAME)";
				PROVISIONING_PROFILE_SPECIFIER = "";
				RUNTIME_EXCEPTION_ALLOW_DYLD_ENVIRONMENT_VARIABLES = NO;
				RUNTIME_EXCEPTION_ALLOW_JIT = NO;
				RUNTIME_EXCEPTION_ALLOW_UNSIGNED_EXECUTABLE_MEMORY = NO;
				RUNTIME_EXCEPTION_DEBUGGING_TOOL = NO;
				RUNTIME_EXCEPTION_DISABLE_EXECUTABLE_PAGE_PROTECTION = NO;
				RUNTIME_EXCEPTION_DISABLE_LIBRARY_VALIDATION = NO;
				SWIFT_VERSION = 6.0;
			};
			name = Release;
		};
		C471E7C528F9B90F0021E251 /* Debug */ = {
			isa = XCBuildConfiguration;
			buildSettings = {
				CLANG_CXX_LANGUAGE_STANDARD = "gnu++20";
				CODE_SIGN_STYLE = Automatic;
				CURRENT_PROJECT_VERSION = 1;
				DEAD_CODE_STRIPPING = YES;
				GENERATE_INFOPLIST_FILE = YES;
				MACOSX_DEPLOYMENT_TARGET = 13.5;
				MARKETING_VERSION = 1.0;
				PRODUCT_BUNDLE_IDENTIFIER = "com.nicoverbruggen.phpmon.ui-tests";
				PRODUCT_NAME = "$(TARGET_NAME)";
				SWIFT_EMIT_LOC_STRINGS = NO;
				SWIFT_VERSION = 5.0;
				TEST_TARGET_NAME = "PHP Monitor";
			};
			name = Debug;
		};
		C471E7C728F9B90F0021E251 /* Release */ = {
			isa = XCBuildConfiguration;
			buildSettings = {
				CLANG_CXX_LANGUAGE_STANDARD = "gnu++20";
				CODE_SIGN_STYLE = Automatic;
				CURRENT_PROJECT_VERSION = 1;
				DEAD_CODE_STRIPPING = YES;
				GENERATE_INFOPLIST_FILE = YES;
				MACOSX_DEPLOYMENT_TARGET = 13.5;
				MARKETING_VERSION = 1.0;
				PRODUCT_BUNDLE_IDENTIFIER = "com.nicoverbruggen.phpmon.ui-tests";
				PRODUCT_NAME = "$(TARGET_NAME)";
				SWIFT_EMIT_LOC_STRINGS = NO;
				SWIFT_VERSION = 5.0;
				TEST_TARGET_NAME = "PHP Monitor";
			};
			name = Release;
		};
		C4E9D8EF29CB9A6400BD28D4 /* Debug.EA */ = {
			isa = XCBuildConfiguration;
			buildSettings = {
				SWIFT_STRICT_CONCURRENCY = complete;
				SWIFT_DEFAULT_ACTOR_ISOLATION = MainActor;
				SWIFT_APPROACHABLE_CONCURRENCY = YES;
				ALWAYS_SEARCH_USER_PATHS = NO;
				ASSETCATALOG_COMPILER_GENERATE_SWIFT_ASSET_SYMBOL_EXTENSIONS = YES;
				CLANG_ANALYZER_LOCALIZABILITY_NONLOCALIZED = YES;
				CLANG_ANALYZER_NONNULL = YES;
				CLANG_ANALYZER_NUMBER_OBJECT_CONVERSION = YES_AGGRESSIVE;
				CLANG_CXX_LANGUAGE_STANDARD = "gnu++14";
				CLANG_CXX_LIBRARY = "libc++";
				CLANG_ENABLE_MODULES = YES;
				CLANG_ENABLE_OBJC_ARC = YES;
				CLANG_ENABLE_OBJC_WEAK = YES;
				CLANG_WARN_BLOCK_CAPTURE_AUTORELEASING = YES;
				CLANG_WARN_BOOL_CONVERSION = YES;
				CLANG_WARN_COMMA = YES;
				CLANG_WARN_CONSTANT_CONVERSION = YES;
				CLANG_WARN_DEPRECATED_OBJC_IMPLEMENTATIONS = YES;
				CLANG_WARN_DIRECT_OBJC_ISA_USAGE = YES_ERROR;
				CLANG_WARN_DOCUMENTATION_COMMENTS = YES;
				CLANG_WARN_EMPTY_BODY = YES;
				CLANG_WARN_ENUM_CONVERSION = YES;
				CLANG_WARN_INFINITE_RECURSION = YES;
				CLANG_WARN_INT_CONVERSION = YES;
				CLANG_WARN_NON_LITERAL_NULL_CONVERSION = YES;
				CLANG_WARN_OBJC_IMPLICIT_RETAIN_SELF = YES;
				CLANG_WARN_OBJC_LITERAL_CONVERSION = YES;
				CLANG_WARN_OBJC_ROOT_CLASS = YES_ERROR;
				CLANG_WARN_QUOTED_INCLUDE_IN_FRAMEWORK_HEADER = YES;
				CLANG_WARN_RANGE_LOOP_ANALYSIS = YES;
				CLANG_WARN_STRICT_PROTOTYPES = YES;
				CLANG_WARN_SUSPICIOUS_MOVE = YES;
				CLANG_WARN_UNGUARDED_AVAILABILITY = YES_AGGRESSIVE;
				CLANG_WARN_UNREACHABLE_CODE = YES;
				CLANG_WARN__DUPLICATE_METHOD_MATCH = YES;
				CODE_SIGN_IDENTITY = "Mac Developer";
				COPY_PHASE_STRIP = NO;
				DEAD_CODE_STRIPPING = YES;
				DEBUG_INFORMATION_FORMAT = dwarf;
				DEVELOPMENT_TEAM = 8M54J5J787;
				ENABLE_STRICT_OBJC_MSGSEND = YES;
				ENABLE_TESTABILITY = YES;
				GCC_C_LANGUAGE_STANDARD = gnu11;
				GCC_DYNAMIC_NO_PIC = NO;
				GCC_NO_COMMON_BLOCKS = YES;
				GCC_OPTIMIZATION_LEVEL = 0;
				GCC_PREPROCESSOR_DEFINITIONS = (
					"DEBUG=1",
					"$(inherited)",
				);
				GCC_WARN_64_TO_32_BIT_CONVERSION = YES;
				GCC_WARN_ABOUT_RETURN_TYPE = YES_ERROR;
				GCC_WARN_UNDECLARED_SELECTOR = YES;
				GCC_WARN_UNINITIALIZED_AUTOS = YES_AGGRESSIVE;
				GCC_WARN_UNUSED_FUNCTION = YES;
				GCC_WARN_UNUSED_VARIABLE = YES;
				MACOSX_DEPLOYMENT_TARGET = 13.5;
				MTL_ENABLE_DEBUG_INFO = INCLUDE_SOURCE;
				MTL_FAST_MATH = YES;
				ONLY_ACTIVE_ARCH = YES;
				SDKROOT = macosx;
				SWIFT_ACTIVE_COMPILATION_CONDITIONS = DEBUG;
				SWIFT_OPTIMIZATION_LEVEL = "-Onone";
			};
			name = Debug.EA;
		};
		C4E9D8F029CB9A6400BD28D4 /* Debug.EA */ = {
			isa = XCBuildConfiguration;
			buildSettings = {
				ASSETCATALOG_COMPILER_APPICON_NAME = AppIconEAP;
				ASSETCATALOG_COMPILER_GLOBAL_ACCENT_COLOR_NAME = AppColor;
				AUTOMATION_APPLE_EVENTS = NO;
				CODE_SIGN_ENTITLEMENTS = phpmon/phpmon.entitlements;
				CODE_SIGN_IDENTITY = "Apple Development";
				CODE_SIGN_STYLE = Automatic;
				COMBINE_HIDPI_IMAGES = YES;
				CURRENT_PROJECT_VERSION = 2020;
				DEAD_CODE_STRIPPING = YES;
				DEBUG = YES;
				ENABLE_APP_SANDBOX = NO;
				ENABLE_HARDENED_RUNTIME = YES;
				ENABLE_RESOURCE_ACCESS_AUDIO_INPUT = NO;
				ENABLE_RESOURCE_ACCESS_CALENDARS = NO;
				ENABLE_RESOURCE_ACCESS_CAMERA = NO;
				ENABLE_RESOURCE_ACCESS_CONTACTS = NO;
				ENABLE_RESOURCE_ACCESS_LOCATION = NO;
				ENABLE_RESOURCE_ACCESS_PHOTO_LIBRARY = NO;
				INFOPLIST_FILE = phpmon/Info.plist;
				INFOPLIST_KEY_CFBundleDisplayName = "PHP Monitor EAP";
				INFOPLIST_KEY_LSApplicationCategoryType = "public.app-category.developer-tools";
				LD_RUNPATH_SEARCH_PATHS = (
					"$(inherited)",
					"@executable_path/../Frameworks",
				);
				MACOSX_DEPLOYMENT_TARGET = 13.5;
				MARKETING_VERSION = 26.05.4;
				PRODUCT_BUNDLE_IDENTIFIER = com.nicoverbruggen.phpmon.eap;
				PRODUCT_MODULE_NAME = PHP_Monitor;
				PRODUCT_NAME = "$(TARGET_NAME) EAP";
				PROVISIONING_PROFILE_SPECIFIER = "";
				RUNTIME_EXCEPTION_ALLOW_DYLD_ENVIRONMENT_VARIABLES = NO;
				RUNTIME_EXCEPTION_ALLOW_JIT = NO;
				RUNTIME_EXCEPTION_ALLOW_UNSIGNED_EXECUTABLE_MEMORY = NO;
				RUNTIME_EXCEPTION_DEBUGGING_TOOL = NO;
				RUNTIME_EXCEPTION_DISABLE_EXECUTABLE_PAGE_PROTECTION = NO;
				RUNTIME_EXCEPTION_DISABLE_LIBRARY_VALIDATION = NO;
				SWIFT_VERSION = 6.0;
			};
			name = Debug.EA;
		};
		C4E9D8F129CB9A6400BD28D4 /* Debug.EA */ = {
			isa = XCBuildConfiguration;
			buildSettings = {
				ASSETCATALOG_COMPILER_APPICON_NAME = AppIconUD;
				ASSETCATALOG_COMPILER_GLOBAL_ACCENT_COLOR_NAME = AccentColor;
				ASSETCATALOG_COMPILER_INCLUDE_ALL_APPICON_ASSETS = NO;
				CLANG_CXX_LANGUAGE_STANDARD = "gnu++20";
				CODE_SIGN_ENTITLEMENTS = "phpmon-updater/phpmon-updater.entitlements";
				CODE_SIGN_IDENTITY = "-";
				"CODE_SIGN_IDENTITY[sdk=macosx*]" = "Apple Development";
				CODE_SIGN_STYLE = Automatic;
				COMBINE_HIDPI_IMAGES = YES;
				CURRENT_PROJECT_VERSION = 55;
				DEAD_CODE_STRIPPING = YES;
				ENABLE_HARDENED_RUNTIME = YES;
				GENERATE_INFOPLIST_FILE = YES;
				INFOPLIST_KEY_CFBundleDisplayName = "PHP Monitor Self-Updater";
				INFOPLIST_KEY_LSApplicationCategoryType = "public.app-category.developer-tools";
				INFOPLIST_KEY_NSHumanReadableCopyright = "Copyright © 2023-2025 Nico Verbruggen. All rights reserved.";
				INFOPLIST_KEY_NSPrincipalClass = NSApplication;
				LD_RUNPATH_SEARCH_PATHS = (
					"$(inherited)",
					"@executable_path/../Frameworks",
				);
				MACOSX_DEPLOYMENT_TARGET = 13.5;
				MARKETING_VERSION = 2.1;
				PRODUCT_BUNDLE_IDENTIFIER = "com.nicoverbruggen.phpmon-updater";
				PRODUCT_NAME = "$(TARGET_NAME)";
				SKIP_INSTALL = YES;
				SWIFT_EMIT_LOC_STRINGS = YES;
				SWIFT_VERSION = 6.0;
			};
			name = Debug.EA;
		};
		C4E9D8F229CB9A6400BD28D4 /* Debug.EA */ = {
			isa = XCBuildConfiguration;
			buildSettings = {
				CODE_SIGN_STYLE = Automatic;
				COMBINE_HIDPI_IMAGES = YES;
				DEAD_CODE_STRIPPING = YES;
				GENERATE_INFOPLIST_FILE = YES;
				INFOPLIST_FILE = "";
				LD_RUNPATH_SEARCH_PATHS = (
					"$(inherited)",
					"@executable_path/../Frameworks",
					"@loader_path/../Frameworks",
				);
				MACOSX_DEPLOYMENT_TARGET = 13.5;
				PRODUCT_BUNDLE_IDENTIFIER = "com.nicoverbruggen.phpmon.unit-tests";
				PRODUCT_NAME = "$(TARGET_NAME)";
				SWIFT_VERSION = 6.0;
			};
			name = Debug.EA;
		};
		C4E9D8F429CB9A6400BD28D4 /* Debug.EA */ = {
			isa = XCBuildConfiguration;
			buildSettings = {
				CLANG_CXX_LANGUAGE_STANDARD = "gnu++20";
				CODE_SIGN_STYLE = Automatic;
				CURRENT_PROJECT_VERSION = 1;
				DEAD_CODE_STRIPPING = YES;
				GENERATE_INFOPLIST_FILE = YES;
				MACOSX_DEPLOYMENT_TARGET = 13.5;
				MARKETING_VERSION = 1.0;
				PRODUCT_BUNDLE_IDENTIFIER = "com.nicoverbruggen.phpmon.ui-tests";
				PRODUCT_NAME = "$(TARGET_NAME)";
				SWIFT_EMIT_LOC_STRINGS = NO;
				SWIFT_VERSION = 5.0;
				TEST_TARGET_NAME = "PHP Monitor";
			};
			name = Debug.EA;
		};
		C4E9D8F529CB9A7200BD28D4 /* Release.EA */ = {
			isa = XCBuildConfiguration;
			buildSettings = {
				SWIFT_STRICT_CONCURRENCY = complete;
				SWIFT_DEFAULT_ACTOR_ISOLATION = MainActor;
				SWIFT_APPROACHABLE_CONCURRENCY = YES;
				ALWAYS_SEARCH_USER_PATHS = NO;
				ASSETCATALOG_COMPILER_GENERATE_SWIFT_ASSET_SYMBOL_EXTENSIONS = YES;
				CLANG_ANALYZER_LOCALIZABILITY_NONLOCALIZED = YES;
				CLANG_ANALYZER_NONNULL = YES;
				CLANG_ANALYZER_NUMBER_OBJECT_CONVERSION = YES_AGGRESSIVE;
				CLANG_CXX_LANGUAGE_STANDARD = "gnu++14";
				CLANG_CXX_LIBRARY = "libc++";
				CLANG_ENABLE_MODULES = YES;
				CLANG_ENABLE_OBJC_ARC = YES;
				CLANG_ENABLE_OBJC_WEAK = YES;
				CLANG_WARN_BLOCK_CAPTURE_AUTORELEASING = YES;
				CLANG_WARN_BOOL_CONVERSION = YES;
				CLANG_WARN_COMMA = YES;
				CLANG_WARN_CONSTANT_CONVERSION = YES;
				CLANG_WARN_DEPRECATED_OBJC_IMPLEMENTATIONS = YES;
				CLANG_WARN_DIRECT_OBJC_ISA_USAGE = YES_ERROR;
				CLANG_WARN_DOCUMENTATION_COMMENTS = YES;
				CLANG_WARN_EMPTY_BODY = YES;
				CLANG_WARN_ENUM_CONVERSION = YES;
				CLANG_WARN_INFINITE_RECURSION = YES;
				CLANG_WARN_INT_CONVERSION = YES;
				CLANG_WARN_NON_LITERAL_NULL_CONVERSION = YES;
				CLANG_WARN_OBJC_IMPLICIT_RETAIN_SELF = YES;
				CLANG_WARN_OBJC_LITERAL_CONVERSION = YES;
				CLANG_WARN_OBJC_ROOT_CLASS = YES_ERROR;
				CLANG_WARN_QUOTED_INCLUDE_IN_FRAMEWORK_HEADER = YES;
				CLANG_WARN_RANGE_LOOP_ANALYSIS = YES;
				CLANG_WARN_STRICT_PROTOTYPES = YES;
				CLANG_WARN_SUSPICIOUS_MOVE = YES;
				CLANG_WARN_UNGUARDED_AVAILABILITY = YES_AGGRESSIVE;
				CLANG_WARN_UNREACHABLE_CODE = YES;
				CLANG_WARN__DUPLICATE_METHOD_MATCH = YES;
				CODE_SIGN_IDENTITY = "Mac Developer";
				COPY_PHASE_STRIP = NO;
				DEAD_CODE_STRIPPING = YES;
				DEBUG_INFORMATION_FORMAT = "dwarf-with-dsym";
				DEVELOPMENT_TEAM = 8M54J5J787;
				ENABLE_NS_ASSERTIONS = NO;
				ENABLE_STRICT_OBJC_MSGSEND = YES;
				GCC_C_LANGUAGE_STANDARD = gnu11;
				GCC_NO_COMMON_BLOCKS = YES;
				GCC_WARN_64_TO_32_BIT_CONVERSION = YES;
				GCC_WARN_ABOUT_RETURN_TYPE = YES_ERROR;
				GCC_WARN_UNDECLARED_SELECTOR = YES;
				GCC_WARN_UNINITIALIZED_AUTOS = YES_AGGRESSIVE;
				GCC_WARN_UNUSED_FUNCTION = YES;
				GCC_WARN_UNUSED_VARIABLE = YES;
				MACOSX_DEPLOYMENT_TARGET = 13.5;
				MTL_ENABLE_DEBUG_INFO = NO;
				MTL_FAST_MATH = YES;
				SDKROOT = macosx;
				SWIFT_COMPILATION_MODE = wholemodule;
				SWIFT_OPTIMIZATION_LEVEL = "-O";
			};
			name = Release.EA;
		};
		C4E9D8F629CB9A7200BD28D4 /* Release.EA */ = {
			isa = XCBuildConfiguration;
			buildSettings = {
				ASSETCATALOG_COMPILER_APPICON_NAME = AppIconEAP;
				ASSETCATALOG_COMPILER_GLOBAL_ACCENT_COLOR_NAME = AppColor;
				AUTOMATION_APPLE_EVENTS = NO;
				CODE_SIGN_ENTITLEMENTS = phpmon/phpmon.entitlements;
				CODE_SIGN_IDENTITY = "Apple Development";
				CODE_SIGN_STYLE = Automatic;
				COMBINE_HIDPI_IMAGES = YES;
				CURRENT_PROJECT_VERSION = 2020;
				DEAD_CODE_STRIPPING = YES;
				DEBUG = NO;
				ENABLE_APP_SANDBOX = NO;
				ENABLE_HARDENED_RUNTIME = YES;
				ENABLE_RESOURCE_ACCESS_AUDIO_INPUT = NO;
				ENABLE_RESOURCE_ACCESS_CALENDARS = NO;
				ENABLE_RESOURCE_ACCESS_CAMERA = NO;
				ENABLE_RESOURCE_ACCESS_CONTACTS = NO;
				ENABLE_RESOURCE_ACCESS_LOCATION = NO;
				ENABLE_RESOURCE_ACCESS_PHOTO_LIBRARY = NO;
				INFOPLIST_FILE = phpmon/Info.plist;
				INFOPLIST_KEY_CFBundleDisplayName = "PHP Monitor EAP";
				INFOPLIST_KEY_LSApplicationCategoryType = "public.app-category.developer-tools";
				LD_RUNPATH_SEARCH_PATHS = (
					"$(inherited)",
					"@executable_path/../Frameworks",
				);
				MACOSX_DEPLOYMENT_TARGET = 13.5;
				MARKETING_VERSION = 26.05.4;
				PRODUCT_BUNDLE_IDENTIFIER = com.nicoverbruggen.phpmon.eap;
				PRODUCT_MODULE_NAME = PHP_Monitor;
				PRODUCT_NAME = "$(TARGET_NAME) EAP";
				PROVISIONING_PROFILE_SPECIFIER = "";
				RUNTIME_EXCEPTION_ALLOW_DYLD_ENVIRONMENT_VARIABLES = NO;
				RUNTIME_EXCEPTION_ALLOW_JIT = NO;
				RUNTIME_EXCEPTION_ALLOW_UNSIGNED_EXECUTABLE_MEMORY = NO;
				RUNTIME_EXCEPTION_DEBUGGING_TOOL = NO;
				RUNTIME_EXCEPTION_DISABLE_EXECUTABLE_PAGE_PROTECTION = NO;
				RUNTIME_EXCEPTION_DISABLE_LIBRARY_VALIDATION = NO;
				SWIFT_VERSION = 6.0;
			};
			name = Release.EA;
		};
		C4E9D8F729CB9A7200BD28D4 /* Release.EA */ = {
			isa = XCBuildConfiguration;
			buildSettings = {
				ASSETCATALOG_COMPILER_APPICON_NAME = AppIconUD;
				ASSETCATALOG_COMPILER_GLOBAL_ACCENT_COLOR_NAME = AccentColor;
				ASSETCATALOG_COMPILER_INCLUDE_ALL_APPICON_ASSETS = NO;
				CLANG_CXX_LANGUAGE_STANDARD = "gnu++20";
				CODE_SIGN_ENTITLEMENTS = "phpmon-updater/phpmon-updater.entitlements";
				CODE_SIGN_IDENTITY = "-";
				"CODE_SIGN_IDENTITY[sdk=macosx*]" = "Apple Development";
				CODE_SIGN_STYLE = Automatic;
				COMBINE_HIDPI_IMAGES = YES;
				CURRENT_PROJECT_VERSION = 55;
				DEAD_CODE_STRIPPING = YES;
				ENABLE_HARDENED_RUNTIME = YES;
				GENERATE_INFOPLIST_FILE = YES;
				INFOPLIST_KEY_CFBundleDisplayName = "PHP Monitor Self-Updater";
				INFOPLIST_KEY_LSApplicationCategoryType = "public.app-category.developer-tools";
				INFOPLIST_KEY_NSHumanReadableCopyright = "Copyright © 2023-2025 Nico Verbruggen. All rights reserved.";
				INFOPLIST_KEY_NSPrincipalClass = NSApplication;
				LD_RUNPATH_SEARCH_PATHS = (
					"$(inherited)",
					"@executable_path/../Frameworks",
				);
				MACOSX_DEPLOYMENT_TARGET = 13.5;
				MARKETING_VERSION = 2.1;
				PRODUCT_BUNDLE_IDENTIFIER = "com.nicoverbruggen.phpmon-updater";
				PRODUCT_NAME = "$(TARGET_NAME)";
				SKIP_INSTALL = YES;
				SWIFT_EMIT_LOC_STRINGS = YES;
				SWIFT_VERSION = 6.0;
			};
			name = Release.EA;
		};
		C4E9D8F829CB9A7200BD28D4 /* Release.EA */ = {
			isa = XCBuildConfiguration;
			buildSettings = {
				CODE_SIGN_STYLE = Automatic;
				COMBINE_HIDPI_IMAGES = YES;
				DEAD_CODE_STRIPPING = YES;
				GENERATE_INFOPLIST_FILE = YES;
				INFOPLIST_FILE = "";
				LD_RUNPATH_SEARCH_PATHS = (
					"$(inherited)",
					"@executable_path/../Frameworks",
					"@loader_path/../Frameworks",
				);
				MACOSX_DEPLOYMENT_TARGET = 13.5;
				PRODUCT_BUNDLE_IDENTIFIER = "com.nicoverbruggen.phpmon.unit-tests";
				PRODUCT_NAME = "$(TARGET_NAME)";
				SWIFT_VERSION = 6.0;
			};
			name = Release.EA;
		};
		C4E9D8FA29CB9A7200BD28D4 /* Release.EA */ = {
			isa = XCBuildConfiguration;
			buildSettings = {
				CLANG_CXX_LANGUAGE_STANDARD = "gnu++20";
				CODE_SIGN_STYLE = Automatic;
				CURRENT_PROJECT_VERSION = 1;
				DEAD_CODE_STRIPPING = YES;
				GENERATE_INFOPLIST_FILE = YES;
				MACOSX_DEPLOYMENT_TARGET = 13.5;
				MARKETING_VERSION = 1.0;
				PRODUCT_BUNDLE_IDENTIFIER = "com.nicoverbruggen.phpmon.ui-tests";
				PRODUCT_NAME = "$(TARGET_NAME)";
				SWIFT_EMIT_LOC_STRINGS = NO;
				SWIFT_VERSION = 5.0;
				TEST_TARGET_NAME = "PHP Monitor";
			};
			name = Release.EA;
		};
		C4F7808125D7F84B000DBC97 /* Debug */ = {
			isa = XCBuildConfiguration;
			buildSettings = {
				CODE_SIGN_STYLE = Automatic;
				COMBINE_HIDPI_IMAGES = YES;
				DEAD_CODE_STRIPPING = YES;
				GENERATE_INFOPLIST_FILE = YES;
				INFOPLIST_FILE = "";
				LD_RUNPATH_SEARCH_PATHS = (
					"$(inherited)",
					"@executable_path/../Frameworks",
					"@loader_path/../Frameworks",
				);
				MACOSX_DEPLOYMENT_TARGET = 13.5;
				PRODUCT_BUNDLE_IDENTIFIER = "com.nicoverbruggen.phpmon.unit-tests";
				PRODUCT_NAME = "$(TARGET_NAME)";
				SWIFT_VERSION = 6.0;
			};
			name = Debug;
		};
		C4F7808225D7F84B000DBC97 /* Release */ = {
			isa = XCBuildConfiguration;
			buildSettings = {
				CODE_SIGN_STYLE = Automatic;
				COMBINE_HIDPI_IMAGES = YES;
				DEAD_CODE_STRIPPING = YES;
				GENERATE_INFOPLIST_FILE = YES;
				INFOPLIST_FILE = "";
				LD_RUNPATH_SEARCH_PATHS = (
					"$(inherited)",
					"@executable_path/../Frameworks",
					"@loader_path/../Frameworks",
				);
				MACOSX_DEPLOYMENT_TARGET = 13.5;
				PRODUCT_BUNDLE_IDENTIFIER = "com.nicoverbruggen.phpmon.unit-tests";
				PRODUCT_NAME = "$(TARGET_NAME)";
				SWIFT_VERSION = 6.0;
			};
			name = Release;
		};
/* End XCBuildConfiguration section */

/* Begin XCConfigurationList section */
		C406A5FC298AD2CF00B5B85A /* Build configuration list for PBXNativeTarget "PHP Monitor Self-Updater" */ = {
			isa = XCConfigurationList;
			buildConfigurations = (
				C406A5FD298AD2CF00B5B85A /* Debug */,
				C4E9D8F129CB9A6400BD28D4 /* Debug.EA */,
				C406A5FF298AD2CF00B5B85A /* Release */,
				C4E9D8F729CB9A7200BD28D4 /* Release.EA */,
			);
			defaultConfigurationIsVisible = 0;
			defaultConfigurationName = Release;
		};
		C41C1B2E22B0097F00E7CF16 /* Build configuration list for PBXProject "PHP Monitor" */ = {
			isa = XCConfigurationList;
			buildConfigurations = (
				C41C1B4122B0098000E7CF16 /* Debug */,
				C4E9D8EF29CB9A6400BD28D4 /* Debug.EA */,
				C41C1B4222B0098000E7CF16 /* Release */,
				C4E9D8F529CB9A7200BD28D4 /* Release.EA */,
			);
			defaultConfigurationIsVisible = 0;
			defaultConfigurationName = Release;
		};
		C41C1B4322B0098000E7CF16 /* Build configuration list for PBXNativeTarget "PHP Monitor" */ = {
			isa = XCConfigurationList;
			buildConfigurations = (
				C41C1B4422B0098000E7CF16 /* Debug */,
				C4E9D8F029CB9A6400BD28D4 /* Debug.EA */,
				C41C1B4522B0098000E7CF16 /* Release */,
				C4E9D8F629CB9A7200BD28D4 /* Release.EA */,
			);
			defaultConfigurationIsVisible = 0;
			defaultConfigurationName = Release;
		};
		C471E7C428F9B90F0021E251 /* Build configuration list for PBXNativeTarget "UI Tests" */ = {
			isa = XCConfigurationList;
			buildConfigurations = (
				C471E7C528F9B90F0021E251 /* Debug */,
				C4E9D8F429CB9A6400BD28D4 /* Debug.EA */,
				C471E7C728F9B90F0021E251 /* Release */,
				C4E9D8FA29CB9A7200BD28D4 /* Release.EA */,
			);
			defaultConfigurationIsVisible = 0;
			defaultConfigurationName = Release;
		};
		C4F7808025D7F84B000DBC97 /* Build configuration list for PBXNativeTarget "Unit Tests" */ = {
			isa = XCConfigurationList;
			buildConfigurations = (
				C4F7808125D7F84B000DBC97 /* Debug */,
				C4E9D8F229CB9A6400BD28D4 /* Debug.EA */,
				C4F7808225D7F84B000DBC97 /* Release */,
				C4E9D8F829CB9A7200BD28D4 /* Release.EA */,
			);
			defaultConfigurationIsVisible = 0;
			defaultConfigurationName = Release;
		};
/* End XCConfigurationList section */

/* Begin XCRemoteSwiftPackageReference section */
		0317C17F2ED87CE1005479D2 /* XCRemoteSwiftPackageReference "NVAppUpdater" */ = {
			isa = XCRemoteSwiftPackageReference;
			repositoryURL = "https://github.com/nicoverbruggen/NVAppUpdater";
			requirement = {
				kind = upToNextMajorVersion;
				minimumVersion = 3.1.0;
			};
		};
		03D846292EB6418F006EFE3C /* XCRemoteSwiftPackageReference "plcrashreporter" */ = {
			isa = XCRemoteSwiftPackageReference;
			repositoryURL = "https://github.com/microsoft/plcrashreporter.git";
			requirement = {
				kind = upToNextMajorVersion;
				minimumVersion = 1.12.0;
			};
		};
		C47014FD2C46D57C0069AAE7 /* XCRemoteSwiftPackageReference "NVAlert" */ = {
			isa = XCRemoteSwiftPackageReference;
			repositoryURL = "https://github.com/nicoverbruggen/NVAlert";
			requirement = {
				kind = upToNextMajorVersion;
				minimumVersion = 2.2.0;
			};
		};
/* End XCRemoteSwiftPackageReference section */

/* Begin XCSwiftPackageProductDependency section */
		0310B1792EB8F3FF00A8B140 /* CrashReporter */ = {
			isa = XCSwiftPackageProductDependency;
			package = 03D846292EB6418F006EFE3C /* XCRemoteSwiftPackageReference "plcrashreporter" */;
			productName = CrashReporter;
		};
		0310B17D2EB8F40400A8B140 /* CrashReporter */ = {
			isa = XCSwiftPackageProductDependency;
			package = 03D846292EB6418F006EFE3C /* XCRemoteSwiftPackageReference "plcrashreporter" */;
			productName = CrashReporter;
		};
		0317C17D2ED87CAB005479D2 /* NVAppUpdater */ = {
			isa = XCSwiftPackageProductDependency;
			productName = NVAppUpdater;
		};
		0317C1802ED87CE1005479D2 /* NVAppUpdater */ = {
			isa = XCSwiftPackageProductDependency;
			package = 0317C17F2ED87CE1005479D2 /* XCRemoteSwiftPackageReference "NVAppUpdater" */;
			productName = NVAppUpdater;
		};
		0317C1822ED87CEA005479D2 /* NVAppUpdater */ = {
			isa = XCSwiftPackageProductDependency;
			package = 0317C17F2ED87CE1005479D2 /* XCRemoteSwiftPackageReference "NVAppUpdater" */;
			productName = NVAppUpdater;
		};
		03D8462A2EB6418F006EFE3C /* CrashReporter */ = {
			isa = XCSwiftPackageProductDependency;
			package = 03D846292EB6418F006EFE3C /* XCRemoteSwiftPackageReference "plcrashreporter" */;
			productName = CrashReporter;
		};
		C47014FE2C46D57C0069AAE7 /* NVAlert */ = {
			isa = XCSwiftPackageProductDependency;
			package = C47014FD2C46D57C0069AAE7 /* XCRemoteSwiftPackageReference "NVAlert" */;
			productName = NVAlert;
		};
		C47015062C46D8180069AAE7 /* NVAlert */ = {
			isa = XCSwiftPackageProductDependency;
			package = C47014FD2C46D57C0069AAE7 /* XCRemoteSwiftPackageReference "NVAlert" */;
			productName = NVAlert;
		};
		C470150C2C46D83E0069AAE7 /* NVAlert */ = {
			isa = XCSwiftPackageProductDependency;
			package = C47014FD2C46D57C0069AAE7 /* XCRemoteSwiftPackageReference "NVAlert" */;
			productName = NVAlert;
		};
/* End XCSwiftPackageProductDependency section */
	};
	rootObject = C41C1B2B22B0097F00E7CF16 /* Project object */;
}
